{
    "_meta": {
        "hash": {
            "sha256": "809703f97cb85fa7f806ecc6d6e50f85bb06f7a0e16d6cd5c9dd4ce2073c5716"
        },
        "pipfile-spec": 6,
        "requires": {
            "python_version": "3.7"
        },
        "sources": [
            {
                "name": "pypi",
                "url": "https://pypi.org/simple",
                "verify_ssl": true
            }
        ]
    },
    "default": {
        "pypdf2": {
            "hashes": [
                "sha256:5e29ffaf2efcfb77c25206e3b8df517a18af84e64ebe1b3a93abac8d01176374",
                "sha256:5f7937fd94ba387a2a241db8858770e53091d8ffab9922512c0bf48e3f4cc615"
            ],
            "index": "pypi",
            "version": "==1.27.9"
        }
    },
    "develop": {
        "autopep8": {
            "hashes": [
                "sha256:0f592a0447acea0c2b0a9602be1e4e3d86db52badd2e3c84f0193bfd89fd3a43"
            ],
            "index": "pypi",
            "version": "==1.5"
        },
        "pycodestyle": {
            "hashes": [
                "sha256:347187bdb476329d98f695c213d7295a846d1152ff4fe9bacb8a9590b8ee7053",
                "sha256:8a4eaf0d0495c7395bdab3589ac2db602797d76207242c17d470186815706610"
            ],
            "markers": "python_version >= '3.6'",
            "version": "==2.10.0"
        }
    }
}
